
Microsoft Visual Studio Solution File, Format Version 12.00
# Visual Studio Version 17
VisualStudioVersion = 17.3.32819.101
MinimumVisualStudioVersion = 10.0.40219.1
Project("{FAE04EC0-301F-11D3-BF4B-00C04F79EFBC}") = "PracticalWork_19-20", "PracticalWork_19-20\PracticalWork_19-20.csproj", "{D8675913-5EEA-4129-85D0-4DE5E8D98D01}"
EndProject
Global
	GlobalSection(SolutionConfigurationPlatforms) = preSolution
		Debug|Any CPU = Debug|Any CPU
		Release|Any CPU = Release|Any CPU
	EndGlobalSection
	GlobalSection(ProjectConfigurationPlatforms) = postSolution
		{D8675913-5EEA-4129-85D0-4DE5E8D98D01}.Debug|Any CPU.ActiveCfg = Debug|Any CPU
		{D8675913-5EEA-4129-85D0-4DE5E8D98D01}.Debug|Any CPU.Build.0 = Debug|Any CPU
		{D8675913-5EEA-4129-85D0-4DE5E8D98D01}.Release|Any CPU.ActiveCfg = Release|Any CPU
		{D8675913-5EEA-4129-85D0-4DE5E8D98D01}.Release|Any CPU.Build.0 = Release|Any CPU
	EndGlobalSection
	GlobalSection(SolutionProperties) = preSolution
		HideSolutionNode = FALSE
	EndGlobalSection
	GlobalSection(ExtensibilityGlobals) = postSolution
		SolutionGuid = {C6C9CE8C-C42C-465B-A0FD-B9DD686E110F}
	EndGlobalSection
EndGlobal
